
Microsoft Visual Studio Solution File, Format Version 12.00
# Visual Studio Version 17
VisualStudioVersion = 17.5.33530.505
MinimumVisualStudioVersion = 10.0.40219.1
Project("{FAE04EC0-301F-11D3-BF4B-00C04F79EFBC}") = "WebApi", "WebApi\WebApi.csproj", "{2ED580A1-BAA2-4A8C-8833-590620FFBC61}"
EndProject
Project("{FAE04EC0-301F-11D3-BF4B-00C04F79EFBC}") = "DataAccessLayer", "DataAccessLayer\DataAccessLayer.csproj", "{3A3CA3E7-0433-4293-A566-01EE20DD72BA}"
EndProject
Project("{FAE04EC0-301F-11D3-BF4B-00C04F79EFBC}") = "BussinessLogicLayer", "BussinessLogicLayer\BussinessLogicLayer.csproj", "{903FDD4B-D91A-45C3-8E83-CB1DCFBA8B45}"
EndProject
Global
	GlobalSection(SolutionConfigurationPlatforms) = preSolution
		Debug|Any CPU = Debug|Any CPU
		Release|Any CPU = Release|Any CPU
	EndGlobalSection
	GlobalSection(ProjectConfigurationPlatforms) = postSolution
		{2ED580A1-BAA2-4A8C-8833-590620FFBC61}.Debug|Any CPU.ActiveCfg = Debug|Any CPU
		{2ED580A1-BAA2-4A8C-8833-590620FFBC61}.Debug|Any CPU.Build.0 = Debug|Any CPU
		{2ED580A1-BAA2-4A8C-8833-590620FFBC61}.Release|Any CPU.ActiveCfg = Release|Any CPU
		{2ED580A1-BAA2-4A8C-8833-590620FFBC61}.Release|Any CPU.Build.0 = Release|Any CPU
		{3A3CA3E7-0433-4293-A566-01EE20DD72BA}.Debug|Any CPU.ActiveCfg = Debug|Any CPU
		{3A3CA3E7-0433-4293-A566-01EE20DD72BA}.Debug|Any CPU.Build.0 = Debug|Any CPU
		{3A3CA3E7-0433-4293-A566-01EE20DD72BA}.Release|Any CPU.ActiveCfg = Release|Any CPU
		{3A3CA3E7-0433-4293-A566-01EE20DD72BA}.Release|Any CPU.Build.0 = Release|Any CPU
		{903FDD4B-D91A-45C3-8E83-CB1DCFBA8B45}.Debug|Any CPU.ActiveCfg = Debug|Any CPU
		{903FDD4B-D91A-45C3-8E83-CB1DCFBA8B45}.Debug|Any CPU.Build.0 = Debug|Any CPU
		{903FDD4B-D91A-45C3-8E83-CB1DCFBA8B45}.Release|Any CPU.ActiveCfg = Release|Any CPU
		{903FDD4B-D91A-45C3-8E83-CB1DCFBA8B45}.Release|Any CPU.Build.0 = Release|Any CPU
	EndGlobalSection
	GlobalSection(SolutionProperties) = preSolution
		HideSolutionNode = FALSE
	EndGlobalSection
	GlobalSection(ExtensibilityGlobals) = postSolution
		SolutionGuid = {3C25D250-7B95-406A-BFCD-84173C91EE2C}
	EndGlobalSection
EndGlobal
